
Microsoft Visual Studio Solution File, Format Version 12.00
# Visual Studio Version 17
VisualStudioVersion = 17.0.31903.59
MinimumVisualStudioVersion = 10.0.40219.1
Project("{2150E333-8FDC-42A3-9474-1A3956D46DE8}") = "src", "src", "{CD1A94F6-EE3F-4B72-A278-DC2B56DB1B3E}"
EndProject
Project("{FAE04EC0-301F-11D3-BF4B-00C04F79EFBC}") = "PlanContable.Api", "src\PlanContable.Api\PlanContable.Api.csproj", "{DA2DB52F-2C10-4996-B008-E1CEC84AECB1}"
EndProject
Project("{FAE04EC0-301F-11D3-BF4B-00C04F79EFBC}") = "PlanContable.Domain", "src\PlanContable.Domain\PlanContable.Domain.csproj", "{EBC86B2D-81DE-433B-BC52-9B54982402D9}"
EndProject
Project("{FAE04EC0-301F-11D3-BF4B-00C04F79EFBC}") = "PlanContable.Application", "src\PlanContable.Application\PlanContable.Application.csproj", "{2928F521-3D18-46D6-B1A1-33147C045D89}"
EndProject
Project("{FAE04EC0-301F-11D3-BF4B-00C04F79EFBC}") = "PlanContable.Infrastructure", "src\PlanContable.Infrastructure\PlanContable.Infrastructure.csproj", "{E58EF6BC-F68D-47C8-94D6-0967F281B660}"
EndProject
Project("{FAE04EC0-301F-11D3-BF4B-00C04F79EFBC}") = "PlanContable.SeedRunner", "src\PlanContable.SeedRunner\PlanContable.SeedRunner.csproj", "{F1234567-1234-1234-1234-123456789012}"
EndProject
Project("{2150E333-8FDC-42A3-9474-1A3956D46DE8}") = "tests", "tests", "{E46A8E36-153B-4510-A5DA-681A006033A3}"
EndProject
Project("{FAE04EC0-301F-11D3-BF4B-00C04F79EFBC}") = "PlanContable.Tests", "tests\PlanContable.Tests\PlanContable.Tests.csproj", "{66BC9FFA-735E-4905-B102-92F8B0D28BDB}"
EndProject
Global
	GlobalSection(SolutionConfigurationPlatforms) = preSolution
		Debug|Any CPU = Debug|Any CPU
		Release|Any CPU = Release|Any CPU
	EndGlobalSection
	GlobalSection(SolutionProperties) = preSolution
		HideSolutionNode = FALSE
	EndGlobalSection
	GlobalSection(ProjectConfigurationPlatforms) = postSolution
		{DA2DB52F-2C10-4996-B008-E1CEC84AECB1}.Debug|Any CPU.ActiveCfg = Debug|Any CPU
		{DA2DB52F-2C10-4996-B008-E1CEC84AECB1}.Debug|Any CPU.Build.0 = Debug|Any CPU
		{DA2DB52F-2C10-4996-B008-E1CEC84AECB1}.Release|Any CPU.ActiveCfg = Release|Any CPU
		{DA2DB52F-2C10-4996-B008-E1CEC84AECB1}.Release|Any CPU.Build.0 = Release|Any CPU
		{EBC86B2D-81DE-433B-BC52-9B54982402D9}.Debug|Any CPU.ActiveCfg = Debug|Any CPU
		{EBC86B2D-81DE-433B-BC52-9B54982402D9}.Debug|Any CPU.Build.0 = Debug|Any CPU
		{EBC86B2D-81DE-433B-BC52-9B54982402D9}.Release|Any CPU.ActiveCfg = Release|Any CPU
		{EBC86B2D-81DE-433B-BC52-9B54982402D9}.Release|Any CPU.Build.0 = Release|Any CPU
		{2928F521-3D18-46D6-B1A1-33147C045D89}.Debug|Any CPU.ActiveCfg = Debug|Any CPU
		{2928F521-3D18-46D6-B1A1-33147C045D89}.Debug|Any CPU.Build.0 = Debug|Any CPU
		{2928F521-3D18-46D6-B1A1-33147C045D89}.Release|Any CPU.ActiveCfg = Release|Any CPU
		{2928F521-3D18-46D6-B1A1-33147C045D89}.Release|Any CPU.Build.0 = Release|Any CPU
		{E58EF6BC-F68D-47C8-94D6-0967F281B660}.Debug|Any CPU.ActiveCfg = Debug|Any CPU
		{E58EF6BC-F68D-47C8-94D6-0967F281B660}.Debug|Any CPU.Build.0 = Debug|Any CPU
		{E58EF6BC-F68D-47C8-94D6-0967F281B660}.Release|Any CPU.ActiveCfg = Release|Any CPU
		{E58EF6BC-F68D-47C8-94D6-0967F281B660}.Release|Any CPU.Build.0 = Release|Any CPU
		{F1234567-1234-1234-1234-123456789012}.Debug|Any CPU.ActiveCfg = Debug|Any CPU
		{F1234567-1234-1234-1234-123456789012}.Debug|Any CPU.Build.0 = Debug|Any CPU
		{F1234567-1234-1234-1234-123456789012}.Release|Any CPU.ActiveCfg = Release|Any CPU
		{F1234567-1234-1234-1234-123456789012}.Release|Any CPU.Build.0 = Release|Any CPU
		{66BC9FFA-735E-4905-B102-92F8B0D28BDB}.Debug|Any CPU.ActiveCfg = Debug|Any CPU
		{66BC9FFA-735E-4905-B102-92F8B0D28BDB}.Debug|Any CPU.Build.0 = Debug|Any CPU
		{66BC9FFA-735E-4905-B102-92F8B0D28BDB}.Release|Any CPU.ActiveCfg = Release|Any CPU
		{66BC9FFA-735E-4905-B102-92F8B0D28BDB}.Release|Any CPU.Build.0 = Release|Any CPU
	EndGlobalSection
	GlobalSection(NestedProjects) = preSolution
		{DA2DB52F-2C10-4996-B008-E1CEC84AECB1} = {CD1A94F6-EE3F-4B72-A278-DC2B56DB1B3E}
		{EBC86B2D-81DE-433B-BC52-9B54982402D9} = {CD1A94F6-EE3F-4B72-A278-DC2B56DB1B3E}
		{2928F521-3D18-46D6-B1A1-33147C045D89} = {CD1A94F6-EE3F-4B72-A278-DC2B56DB1B3E}
		{E58EF6BC-F68D-47C8-94D6-0967F281B660} = {CD1A94F6-EE3F-4B72-A278-DC2B56DB1B3E}
		{F1234567-1234-1234-1234-123456789012} = {CD1A94F6-EE3F-4B72-A278-DC2B56DB1B3E}
		{66BC9FFA-735E-4905-B102-92F8B0D28BDB} = {E46A8E36-153B-4510-A5DA-681A006033A3}
	EndGlobalSection
EndGlobal
